// !$*UTF8*$!
{
	archiveVersion = 1;
	classes = {
	};
	objectVersion = 46;
	objects = {

/* Begin PBXBuildFile section */
		AE728DD41C0C4F3900B5411A /* AppDelegate.swift in Sources */ = {isa = PBXBuildFile; fileRef = AE728DD31C0C4F3900B5411A /* AppDelegate.swift */; };
		AE728DD61C0C4F3900B5411A /* ViewController.swift in Sources */ = {isa = PBXBuildFile; fileRef = AE728DD51C0C4F3900B5411A /* ViewController.swift */; };
		AE728DD91C0C4F3900B5411A /* Main.storyboard in Resources */ = {isa = PBXBuildFile; fileRef = AE728DD71C0C4F3900B5411A /* Main.storyboard */; };
		AE728DDB1C0C4F3900B5411A /* Assets.xcassets in Resources */ = {isa = PBXBuildFile; fileRef = AE728DDA1C0C4F3900B5411A /* Assets.xcassets */; };
		AE728DDE1C0C4F3900B5411A /* LaunchScreen.storyboard in Resources */ = {isa = PBXBuildFile; fileRef = AE728DDC1C0C4F3900B5411A /* LaunchScreen.storyboard */; };
		AE728DE91C0C4F3900B5411A /* TableViewTutorialTests.swift in Sources */ = {isa = PBXBuildFile; fileRef = AE728DE81C0C4F3900B5411A /* TableViewTutorialTests.swift */; };
		AE728DF41C0C4F3900B5411A /* TableViewTutorialUITests.swift in Sources */ = {isa = PBXBuildFile; fileRef = AE728DF31C0C4F3900B5411A /* TableViewTutorialUITests.swift */; };
/* End PBXBuildFile section */

/* Begin PBXContainerItemProxy section */
		AE728DE51C0C4F3900B5411A /* PBXContainerItemProxy */ = {
			isa = PBXContainerItemProxy;
			containerPortal = AE728DC81C0C4F3900B5411A /* Project object */;
			proxyType = 1;
			remoteGlobalIDString = AE728DCF1C0C4F3900B5411A;
			remoteInfo = TableViewTutorial;
		};
		AE728DF01C0C4F3900B5411A /* PBXContainerItemProxy */ = {
			isa = PBXContainerItemProxy;
			containerPortal = AE728DC81C0C4F3900B5411A /* Project object */;
			proxyType = 1;
			remoteGlobalIDString = AE728DCF1C0C4F3900B5411A;
			remoteInfo = TableViewTutorial;
		};
/* End PBXContainerItemProxy section */

/* Begin PBXFileReference section */
		AE728DD01C0C4F3900B5411A /* TableViewTutorial.app */ = {isa = PBXFileReference; explicitFileType = wrapper.application; includeInIndex = 0; path = TableViewTutorial.app; sourceTree = BUILT_PRODUCTS_DIR; };
		AE728DD31C0C4F3900B5411A /* AppDelegate.swift */ = {isa = PBXFileReference; lastKnownFileType = sourcecode.swift; path = AppDelegate.swift; sourceTree = "<group>"; };
		AE728DD51C0C4F3900B5411A /* ViewController.swift */ = {isa = PBXFileReference; lastKnownFileType = sourcecode.swift; path = ViewController.swift; sourceTree = "<group>"; };
		AE728DD81C0C4F3900B5411A /* Base */ = {isa = PBXFileReference; lastKnownFileType = file.storyboard; name = Base; path = Base.lproj/Main.storyboard; sourceTree = "<group>"; };
		AE728DDA1C0C4F3900B5411A /* Assets.xcassets */ = {isa = PBXFileReference; lastKnownFileType = folder.assetcatalog; path = Assets.xcassets; sourceTree = "<group>"; };
		AE728DDD1C0C4F3900B5411A /* Base */ = {isa = PBXFileReference; lastKnownFileType = file.storyboard; name = Base; path = Base.lproj/LaunchScreen.storyboard; sourceTree = "<group>"; };
		AE728DDF1C0C4F3900B5411A /* Info.plist */ = {isa = PBXFileReference; lastKnownFileType = text.plist.xml; path = Info.plist; sourceTree = "<group>"; };
		AE728DE41C0C4F3900B5411A /* TableViewTutorialTests.xctest */ = {isa = PBXFileReference; explicitFileType = wrapper.cfbundle; includeInIndex = 0; path = TableViewTutorialTests.xctest; sourceTree = BUILT_PRODUCTS_DIR; };
		AE728DE81C0C4F3900B5411A /* TableViewTutorialTests.swift */ = {isa = PBXFileReference; lastKnownFileType = sourcecode.swift; path = TableViewTutorialTests.swift; sourceTree = "<group>"; };
		AE728DEA1C0C4F3900B5411A /* Info.plist */ = {isa = PBXFileReference; lastKnownFileType = text.plist.xml; path = Info.plist; sourceTree = "<group>"; };
		AE728DEF1C0C4F3900B5411A /* TableViewTutorialUITests.xctest */ = {isa = PBXFileReference; explicitFileType = wrapper.cfbundle; includeInIndex = 0; path = TableViewTutorialUITests.xctest; sourceTree = BUILT_PRODUCTS_DIR; };
		AE728DF31C0C4F3900B5411A /* TableViewTutorialUITests.swift */ = {isa = PBXFileReference; lastKnownFileType = sourcecode.swift; path = TableViewTutorialUITests.swift; sourceTree = "<group>"; };
		AE728DF51C0C4F3900B5411A /* Info.plist */ = {isa = PBXFileReference; lastKnownFileType = text.plist.xml; path = Info.plist; sourceTree = "<group>"; };
/* End PBXFileReference section */

/* Begin PBXFrameworksBuildPhase section */
		AE728DCD1C0C4F3900B5411A /* Frameworks */ = {
			isa = PBXFrameworksBuildPhase;
			buildActionMask = 2147483647;
			files = (
			);
			runOnlyForDeploymentPostprocessing = 0;
		};
		AE728DE11C0C4F3900B5411A /* Frameworks */ = {
			isa = PBXFrameworksBuildPhase;
			buildActionMask = 2147483647;
			files = (
			);
			runOnlyForDeploymentPostprocessing = 0;
		};
		AE728DEC1C0C4F3900B5411A /* Frameworks */ = {
			isa = PBXFrameworksBuildPhase;
			buildActionMask = 2147483647;
			files = (
			);
			runOnlyForDeploymentPostprocessing = 0;
		};
/* End PBXFrameworksBuildPhase section */

/* Begin PBXGroup section */
		AE728DC71C0C4F3900B5411A = {
			isa = PBXGroup;
			children = (
				AE728DD21C0C4F3900B5411A /* TableViewTutorial */,
				AE728DE71C0C4F3900B5411A /* TableViewTutorialTests */,
				AE728DF21C0C4F3900B5411A /* TableViewTutorialUITests */,
				AE728DD11C0C4F3900B5411A /* Products */,
			);
			sourceTree = "<group>";
		};
		AE728DD11C0C4F3900B5411A /* Products */ = {
			isa = PBXGroup;
			children = (
				AE728DD01C0C4F3900B5411A /* TableViewTutorial.app */,
				AE728DE41C0C4F3900B5411A /* TableViewTutorialTests.xctest */,
				AE728DEF1C0C4F3900B5411A /* TableViewTutorialUITests.xctest */,
			);
			name = Products;
			sourceTree = "<group>";
		};
		AE728DD21C0C4F3900B5411A /* TableViewTutorial */ = {
			isa = PBXGroup;
			children = (
				AE728DD31C0C4F3900B5411A /* AppDelegate.swift */,
				AE728DD51C0C4F3900B5411A /* ViewController.swift */,
				AE728DD71C0C4F3900B5411A /* Main.storyboard */,
				AE728DDA1C0C4F3900B5411A /* Assets.xcassets */,
				AE728DDC1C0C4F3900B5411A /* LaunchScreen.storyboard */,
				AE728DDF1C0C4F3900B5411A /* Info.plist */,
			);
			path = TableViewTutorial;
			sourceTree = "<group>";
		};
		AE728DE71C0C4F3900B5411A /* TableViewTutorialTests */ = {
			isa = PBXGroup;
			children = (
				AE728DE81C0C4F3900B5411A /* TableViewTutorialTests.swift */,
				AE728DEA1C0C4F3900B5411A /* Info.plist */,
			);
			path = TableViewTutorialTests;
			sourceTree = "<group>";
		};
		AE728DF21C0C4F3900B5411A /* TableViewTutorialUITests */ = {
			isa = PBXGroup;
			children = (
				AE728DF31C0C4F3900B5411A /* TableViewTutorialUITests.swift */,
				AE728DF51C0C4F3900B5411A /* Info.plist */,
			);
			path = TableViewTutorialUITests;
			sourceTree = "<group>";
		};
/* End PBXGroup section */

/* Begin PBXNativeTarget section */
		AE728DCF1C0C4F3900B5411A /* TableViewTutorial */ = {
			isa = PBXNativeTarget;
			buildConfigurationList = AE728DF81C0C4F3900B5411A /* Build configuration list for PBXNativeTarget "TableViewTutorial" */;
			buildPhases = (
				AE728DCC1C0C4F3900B5411A /* Sources */,
				AE728DCD1C0C4F3900B5411A /* Frameworks */,
				AE728DCE1C0C4F3900B5411A /* Resources */,
			);
			buildRules = (
			);
			dependencies = (
			);
			name = TableViewTutorial;
			productName = TableViewTutorial;
			productReference = AE728DD01C0C4F3900B5411A /* TableViewTutorial.app */;
			productType = "com.apple.product-type.application";
		};
		AE728DE31C0C4F3900B5411A /* TableViewTutorialTests */ = {
			isa = PBXNativeTarget;
			buildConfigurationList = AE728DFB1C0C4F3900B5411A /* Build configuration list for PBXNativeTarget "TableViewTutorialTests" */;
			buildPhases = (
				AE728DE01C0C4F3900B5411A /* Sources */,
				AE728DE11C0C4F3900B5411A /* Frameworks */,
				AE728DE21C0C4F3900B5411A /* Resources */,
			);
			buildRules = (
			);
			dependencies = (
				AE728DE61C0C4F3900B5411A /* PBXTargetDependency */,
			);
			name = TableViewTutorialTests;
			productName = TableViewTutorialTests;
			productReference = AE728DE41C0C4F3900B5411A /* TableViewTutorialTests.xctest */;
			productType = "com.apple.product-type.bundle.unit-test";
		};
		AE728DEE1C0C4F3900B5411A /* TableViewTutorialUITests */ = {
			isa = PBXNativeTarget;
			buildConfigurationList = AE728DFE1C0C4F3900B5411A /* Build configuration list for PBXNativeTarget "TableViewTutorialUITests" */;
			buildPhases = (
				AE728DEB1C0C4F3900B5411A /* Sources */,
				AE728DEC1C0C4F3900B5411A /* Frameworks */,
				AE728DED1C0C4F3900B5411A /* Resources */,
			);
			buildRules = (
			);
			dependencies = (
				AE728DF11C0C4F3900B5411A /* PBXTargetDependency */,
			);
			name = TableViewTutorialUITests;
			productName = TableViewTutorialUITests;
			productReference = AE728DEF1C0C4F3900B5411A /* TableViewTutorialUITests.xctest */;
			productType = "com.apple.product-type.bundle.ui-testing";
		};
/* End PBXNativeTarget section */

/* Begin PBXProject section */
		AE728DC81C0C4F3900B5411A /* Project object */ = {
			isa = PBXProject;
			attributes = {
				LastSwiftUpdateCheck = 0710;
				LastUpgradeCheck = 0710;
				ORGANIZATIONNAME = com.Apress;
				TargetAttributes = {
					AE728DCF1C0C4F3900B5411A = {
						CreatedOnToolsVersion = 7.1.1;
					};
					AE728DE31C0C4F3900B5411A = {
						CreatedOnToolsVersion = 7.1.1;
						TestTargetID = AE728DCF1C0C4F3900B5411A;
					};
					AE728DEE1C0C4F3900B5411A = {
						CreatedOnToolsVersion = 7.1.1;
						TestTargetID = AE728DCF1C0C4F3900B5411A;
					};
				};
			};
			buildConfigurationList = AE728DCB1C0C4F3900B5411A /* Build configuration list for PBXProject "TableViewTutorial" */;
			compatibilityVersion = "Xcode 3.2";
			developmentRegion = English;
			hasScannedForEncodings = 0;
			knownRegions = (
				en,
				Base,
			);
			mainGroup = AE728DC71C0C4F3900B5411A;
			productRefGroup = AE728DD11C0C4F3900B5411A /* Products */;
			projectDirPath = "";
			projectRoot = "";
			targets = (
				AE728DCF1C0C4F3900B5411A /* TableViewTutorial */,
				AE728DE31C0C4F3900B5411A /* TableViewTutorialTests */,
				AE728DEE1C0C4F3900B5411A /* TableViewTutorialUITests */,
			);
		};
/* End PBXProject section */

/* Begin PBXResourcesBuildPhase section */
		AE728DCE1C0C4F3900B5411A /* Resources */ = {
			isa = PBXResourcesBuildPhase;
			buildActionMask = 2147483647;
			files = (
				AE728DDE1C0C4F3900B5411A /* LaunchScreen.storyboard in Resources */,
				AE728DDB1C0C4F3900B5411A /* Assets.xcassets in Resources */,
				AE728DD91C0C4F3900B5411A /* Main.storyboard in Resources */,
			);
			runOnlyForDeploymentPostprocessing = 0;
		};
		AE728DE21C0C4F3900B5411A /* Resources */ = {
			isa = PBXResourcesBuildPhase;
			buildActionMask = 2147483647;
			files = (
			);
			runOnlyForDeploymentPostprocessing = 0;
		};
		AE728DED1C0C4F3900B5411A /* Resources */ = {
			isa = PBXResourcesBuildPhase;
			buildActionMask = 2147483647;
			files = (
			);
			runOnlyForDeploymentPostprocessing = 0;
		};
/* End PBXResourcesBuildPhase section */

/* Begin PBXSourcesBuildPhase section */
		AE728DCC1C0C4F3900B5411A /* Sources */ = {
			isa = PBXSourcesBuildPhase;
			buildActionMask = 2147483647;
			files = (
				AE728DD61C0C4F3900B5411A /* ViewController.swift in Sources */,
				AE728DD41C0C4F3900B5411A /* AppDelegate.swift in Sources */,
			);
			runOnlyForDeploymentPostprocessing = 0;
		};
		AE728DE01C0C4F3900B5411A /* Sources */ = {
			isa = PBXSourcesBuildPhase;
			buildActionMask = 2147483647;
			files = (
				AE728DE91C0C4F3900B5411A /* TableViewTutorialTests.swift in Sources */,
			);
			runOnlyForDeploymentPostprocessing = 0;
		};
		AE728DEB1C0C4F3900B5411A /* Sources */ = {
			isa = PBXSourcesBuildPhase;
			buildActionMask = 2147483647;
			files = (
				AE728DF41C0C4F3900B5411A /* TableViewTutorialUITests.swift in Sources */,
			);
			runOnlyForDeploymentPostprocessing = 0;
		};
/* End PBXSourcesBuildPhase section */

/* Begin PBXTargetDependency section */
		AE728DE61C0C4F3900B5411A /* PBXTargetDependency */ = {
			isa = PBXTargetDependency;
			target = AE728DCF1C0C4F3900B5411A /* TableViewTutorial */;
			targetProxy = AE728DE51C0C4F3900B5411A /* PBXContainerItemProxy */;
		};
		AE728DF11C0C4F3900B5411A /* PBXTargetDependency */ = {
			isa = PBXTargetDependency;
			target = AE728DCF1C0C4F3900B5411A /* TableViewTutorial */;
			targetProxy = AE728DF01C0C4F3900B5411A /* PBXContainerItemProxy */;
		};
/* End PBXTargetDependency section */

/* Begin PBXVariantGroup section */
		AE728DD71C0C4F3900B5411A /* Main.storyboard */ = {
			isa = PBXVariantGroup;
			children = (
				AE728DD81C0C4F3900B5411A /* Base */,
			);
			name = Main.storyboard;
			sourceTree = "<group>";
		};
		AE728DDC1C0C4F3900B5411A /* LaunchScreen.storyboard */ = {
			isa = PBXVariantGroup;
			children = (
				AE728DDD1C0C4F3900B5411A /* Base */,
			);
			name = LaunchScreen.storyboard;
			sourceTree = "<group>";
		};
/* End PBXVariantGroup section */

/* Begin XCBuildConfiguration section */
		AE728DF61C0C4F3900B5411A /* Debug */ = {
			isa = XCBuildConfiguration;
			buildSettings = {
				ALWAYS_SEARCH_USER_PATHS = NO;
				CLANG_CXX_LANGUAGE_STANDARD = "gnu++0x";
				CLANG_CXX_LIBRARY = "libc++";
				CLANG_ENABLE_MODULES = YES;
				CLANG_ENABLE_OBJC_ARC = YES;
				CLANG_WARN_BOOL_CONVERSION = YES;
				CLANG_WARN_CONSTANT_CONVERSION = YES;
				CLANG_WARN_DIRECT_OBJC_ISA_USAGE = YES_ERROR;
				CLANG_WARN_EMPTY_BODY = YES;
				CLANG_WARN_ENUM_CONVERSION = YES;
				CLANG_WARN_INT_CONVERSION = YES;
				CLANG_WARN_OBJC_ROOT_CLASS = YES_ERROR;
				CLANG_WARN_UNREACHABLE_CODE = YES;
				CLANG_WARN__DUPLICATE_METHOD_MATCH = YES;
				"CODE_SIGN_IDENTITY[sdk=iphoneos*]" = "iPhone Developer";
				COPY_PHASE_STRIP = NO;
				DEBUG_INFORMATION_FORMAT = dwarf;
				ENABLE_STRICT_OBJC_MSGSEND = YES;
				ENABLE_TESTABILITY = YES;
				GCC_C_LANGUAGE_STANDARD = gnu99;
				GCC_DYNAMIC_NO_PIC = NO;
				GCC_NO_COMMON_BLOCKS = YES;
				GCC_OPTIMIZATION_LEVEL = 0;
				GCC_PREPROCESSOR_DEFINITIONS = (
					"DEBUG=1",
					"$(inherited)",
				);
				GCC_WARN_64_TO_32_BIT_CONVERSION = YES;
				GCC_WARN_ABOUT_RETURN_TYPE = YES_ERROR;
				GCC_WARN_UNDECLARED_SELECTOR = YES;
				GCC_WARN_UNINITIALIZED_AUTOS = YES_AGGRESSIVE;
				GCC_WARN_UNUSED_FUNCTION = YES;
				GCC_WARN_UNUSED_VARIABLE = YES;
				IPHONEOS_DEPLOYMENT_TARGET = 9.1;
				MTL_ENABLE_DEBUG_INFO = YES;
				ONLY_ACTIVE_ARCH = YES;
				SDKROOT = iphoneos;
				SWIFT_OPTIMIZATION_LEVEL = "-Onone";
			};
			name = Debug;
		};
		AE728DF71C0C4F3900B5411A /* Release */ = {
			isa = XCBuildConfiguration;
			buildSettings = {
				ALWAYS_SEARCH_USER_PATHS = NO;
				CLANG_CXX_LANGUAGE_STANDARD = "gnu++0x";
				CLANG_CXX_LIBRARY = "libc++";
				CLANG_ENABLE_MODULES = YES;
				CLANG_ENABLE_OBJC_ARC = YES;
				CLANG_WARN_BOOL_CONVERSION = YES;
				CLANG_WARN_CONSTANT_CONVERSION = YES;
				CLANG_WARN_DIRECT_OBJC_ISA_USAGE = YES_ERROR;
				CLANG_WARN_EMPTY_BODY = YES;
				CLANG_WARN_ENUM_CONVERSION = YES;
				CLANG_WARN_INT_CONVERSION = YES;
				CLANG_WARN_OBJC_ROOT_CLASS = YES_ERROR;
				CLANG_WARN_UNREACHABLE_CODE = YES;
				CLANG_WARN__DUPLICATE_METHOD_MATCH = YES;
				"CODE_SIGN_IDENTITY[sdk=iphoneos*]" = "iPhone Developer";
				COPY_PHASE_STRIP = NO;
				DEBUG_INFORMATION_FORMAT = "dwarf-with-dsym";
				ENABLE_NS_ASSERTIONS = NO;
				ENABLE_STRICT_OBJC_MSGSEND = YES;
				GCC_C_LANGUAGE_STANDARD = gnu99;
				GCC_NO_COMMON_BLOCKS = YES;
				GCC_WARN_64_TO_32_BIT_CONVERSION = YES;
				GCC_WARN_ABOUT_RETURN_TYPE = YES_ERROR;
				GCC_WARN_UNDECLARED_SELECTOR = YES;
				GCC_WARN_UNINITIALIZED_AUTOS = YES_AGGRESSIVE;
				GCC_WARN_UNUSED_FUNCTION = YES;
				GCC_WARN_UNUSED_VARIABLE = YES;
				IPHONEOS_DEPLOYMENT_TARGET = 9.1;
				MTL_ENABLE_DEBUG_INFO = NO;
				SDKROOT = iphoneos;
				VALIDATE_PRODUCT = YES;
			};
			name = Release;
		};
		AE728DF91C0C4F3900B5411A /* Debug */ = {
			isa = XCBuildConfiguration;
			buildSettings = {
				ASSETCATALOG_COMPILER_APPICON_NAME = AppIcon;
				INFOPLIST_FILE = TableViewTutorial/Info.plist;
				LD_RUNPATH_SEARCH_PATHS = "$(inherited) @executable_path/Frameworks";
				PRODUCT_BUNDLE_IDENTIFIER = BID.TableViewTutorial;
				PRODUCT_NAME = "$(TARGET_NAME)";
			};
			name = Debug;
		};
		AE728DFA1C0C4F3900B5411A /* Release */ = {
			isa = XCBuildConfiguration;
			buildSettings = {
				ASSETCATALOG_COMPILER_APPICON_NAME = AppIcon;
				INFOPLIST_FILE = TableViewTutorial/Info.plist;
				LD_RUNPATH_SEARCH_PATHS = "$(inherited) @executable_path/Frameworks";
				PRODUCT_BUNDLE_IDENTIFIER = BID.TableViewTutorial;
				PRODUCT_NAME = "$(TARGET_NAME)";
			};
			name = Release;
		};
		AE728DFC1C0C4F3900B5411A /* Debug */ = {
			isa = XCBuildConfiguration;
			buildSettings = {
				BUNDLE_LOADER = "$(TEST_HOST)";
				INFOPLIST_FILE = TableViewTutorialTests/Info.plist;
				LD_RUNPATH_SEARCH_PATHS = "$(inherited) @executable_path/Frameworks @loader_path/Frameworks";
				PRODUCT_BUNDLE_IDENTIFIER = BID.TableViewTutorialTests;
				PRODUCT_NAME = "$(TARGET_NAME)";
				TEST_HOST = "$(BUILT_PRODUCTS_DIR)/TableViewTutorial.app/TableViewTutorial";
			};
			name = Debug;
		};
		AE728DFD1C0C4F3900B5411A /* Release */ = {
			isa = XCBuildConfiguration;
			buildSettings = {
				BUNDLE_LOADER = "$(TEST_HOST)";
				INFOPLIST_FILE = TableViewTutorialTests/Info.plist;
				LD_RUNPATH_SEARCH_PATHS = "$(inherited) @executable_path/Frameworks @loader_path/Frameworks";
				PRODUCT_BUNDLE_IDENTIFIER = BID.TableViewTutorialTests;
				PRODUCT_NAME = "$(TARGET_NAME)";
				TEST_HOST = "$(BUILT_PRODUCTS_DIR)/TableViewTutorial.app/TableViewTutorial";
			};
			name = Release;
		};
		AE728DFF1C0C4F3900B5411A /* Debug */ = {
			isa = XCBuildConfiguration;
			buildSettings = {
				INFOPLIST_FILE = TableViewTutorialUITests/Info.plist;
				LD_RUNPATH_SEARCH_PATHS = "$(inherited) @executable_path/Frameworks @loader_path/Frameworks";
				PRODUCT_BUNDLE_IDENTIFIER = BID.TableViewTutorialUITests;
				PRODUCT_NAME = "$(TARGET_NAME)";
				TEST_TARGET_NAME = TableViewTutorial;
				USES_XCTRUNNER = YES;
			};
			name = Debug;
		};
		AE728E001C0C4F3900B5411A /* Release */ = {
			isa = XCBuildConfiguration;
			buildSettings = {
				INFOPLIST_FILE = TableViewTutorialUITests/Info.plist;
				LD_RUNPATH_SEARCH_PATHS = "$(inherited) @executable_path/Frameworks @loader_path/Frameworks";
				PRODUCT_BUNDLE_IDENTIFIER = BID.TableViewTutorialUITests;
				PRODUCT_NAME = "$(TARGET_NAME)";
				TEST_TARGET_NAME = TableViewTutorial;
				USES_XCTRUNNER = YES;
			};
			name = Release;
		};
/* End XCBuildConfiguration section */

/* Begin XCConfigurationList section */
		AE728DCB1C0C4F3900B5411A /* Build configuration list for PBXProject "TableViewTutorial" */ = {
			isa = XCConfigurationList;
			buildConfigurations = (
				AE728DF61C0C4F3900B5411A /* Debug */,
				AE728DF71C0C4F3900B5411A /* Release */,
			);
			defaultConfigurationIsVisible = 0;
			defaultConfigurationName = Release;
		};
		AE728DF81C0C4F3900B5411A /* Build configuration list for PBXNativeTarget "TableViewTutorial" */ = {
			isa = XCConfigurationList;
			buildConfigurations = (
				AE728DF91C0C4F3900B5411A /* Debug */,
				AE728DFA1C0C4F3900B5411A /* Release */,
			);
			defaultConfigurationIsVisible = 0;
		};
		AE728DFB1C0C4F3900B5411A /* Build configuration list for PBXNativeTarget "TableViewTutorialTests" */ = {
			isa = XCConfigurationList;
			buildConfigurations = (
				AE728DFC1C0C4F3900B5411A /* Debug */,
				AE728DFD1C0C4F3900B5411A /* Release */,
			);
			defaultConfigurationIsVisible = 0;
		};
		AE728DFE1C0C4F3900B5411A /* Build configuration list for PBXNativeTarget "TableViewTutorialUITests" */ = {
			isa = XCConfigurationList;
			buildConfigurations = (
				AE728DFF1C0C4F3900B5411A /* Debug */,
				AE728E001C0C4F3900B5411A /* Release */,
			);
			defaultConfigurationIsVisible = 0;
		};
/* End XCConfigurationList section */
	};
	rootObject = AE728DC81C0C4F3900B5411A /* Project object */;
}
